
Microsoft Visual Studio Solution File, Format Version 12.00
# Visual Studio Version 16
VisualStudioVersion = 16.0.29709.97
MinimumVisualStudioVersion = 10.0.40219.1
Project("{9A19103F-16F7-4668-BE54-9A1E7A4F7556}") = "Formula.Feedback", "src\Formula.Feedback\Formula.Feedback.csproj", "{F2CC62D0-6DCA-4DA4-BD9E-5E4E0F1D485B}"
EndProject
Project("{2150E333-8FDC-42A3-9474-1A3956D46DE8}") = "Solution Itens", "Solution Itens", "{86D49CAF-E8C1-4756-B5C6-6CE73D496A4F}"
	ProjectSection(SolutionItems) = preProject
		.gitignore = .gitignore
		LICENSE = LICENSE
		README.md = README.md
	EndProjectSection
EndProject
Project("{2150E333-8FDC-42A3-9474-1A3956D46DE8}") = "src", "src", "{535980E5-9DE5-403D-83CB-767CA027AEE0}"
EndProject
Global
	GlobalSection(SolutionConfigurationPlatforms) = preSolution
		Debug|Any CPU = Debug|Any CPU
		Release|Any CPU = Release|Any CPU
	EndGlobalSection
	GlobalSection(ProjectConfigurationPlatforms) = postSolution
		{F2CC62D0-6DCA-4DA4-BD9E-5E4E0F1D485B}.Debug|Any CPU.ActiveCfg = Debug|Any CPU
		{F2CC62D0-6DCA-4DA4-BD9E-5E4E0F1D485B}.Debug|Any CPU.Build.0 = Debug|Any CPU
		{F2CC62D0-6DCA-4DA4-BD9E-5E4E0F1D485B}.Release|Any CPU.ActiveCfg = Release|Any CPU
		{F2CC62D0-6DCA-4DA4-BD9E-5E4E0F1D485B}.Release|Any CPU.Build.0 = Release|Any CPU
	EndGlobalSection
	GlobalSection(SolutionProperties) = preSolution
		HideSolutionNode = FALSE
	EndGlobalSection
	GlobalSection(NestedProjects) = preSolution
		{F2CC62D0-6DCA-4DA4-BD9E-5E4E0F1D485B} = {535980E5-9DE5-403D-83CB-767CA027AEE0}
	EndGlobalSection
	GlobalSection(ExtensibilityGlobals) = postSolution
		SolutionGuid = {C6944E83-AF39-44A8-9AC1-3D8F10DA6277}
	EndGlobalSection
EndGlobal
